# THIS IS AN AUTOGENERATED FILE. DO NOT EDIT THIS FILE DIRECTLY.
# yarn lockfile v1


"@mdi/font@^7.4.47":
  version "7.4.47"
  resolved "https://registry.yarnpkg.com/@mdi/font/-/font-7.4.47.tgz#2ae522867da3a5c88b738d54b403eb91471903af"
  integrity sha512-43MtGpd585SNzHZPcYowu/84Vz2a2g31TvPMTm9uTiCSWzaheQySUcSyUH/46fPnuPQWof2yd0pGBtzee/IQWw==

lodash.debounce@^4.0.8:
  version "4.0.8"
  resolved "https://registry.yarnpkg.com/lodash.debounce/-/lodash.debounce-4.0.8.tgz#82d79bff30a67c4005ffd5e2515300ad9ca4d7af"
  integrity sha512-FT1yDzDYEoYWhnSGnpE/4Kj1fLZkDFyqRb7fNt6FdYOSxlUWAtp42Eh6Wb0rGIv/m9Bgo7x4GhQbm5Ys4SG5ow==

tiny-emitter@^2.1.0:
  version "2.1.0"
  resolved "https://registry.yarnpkg.com/tiny-emitter/-/tiny-emitter-2.1.0.tgz#1d1a56edfc51c43e863cbb5382a72330e3555423"
  integrity sha512-NB6Dk1A9xgQPMoGqC5CVXn123gWyte215ONT5Pp5a0yt4nlEoO1ZWeCwpncaekPHXO60i47ihFnZPiRPjRMq4Q==

vuetify@3.7.19:
  version "3.7.19"
  resolved "https://registry.yarnpkg.com/vuetify/-/vuetify-3.7.19.tgz#386ab39900400e9aa811fa0569e10db650f54b84"
  integrity sha512-RrUpdBOGWGcT2oNLqXBiqYRudKTFqxTfr8lISl51Cuo80cfgRmbyDnlQQRWxE4QSNxcqXk6ZzBoJRUEXpW9C/w==
